Microsoft Visual Studio Solution File, Format Version 11.00
# Visual Studio 2008

Project("{CE03A429-6E56-4386-D37E-B22A7DCE0623}") = "Test 5", "Assembly-CSharp-firstpass.csproj", "{6DDA105A-BDAA-232F-97AF-18824F5B139F}"
EndProject
Project("{CE03A429-6E56-4386-D37E-B22A7DCE0623}") = "Test 5", "Assembly-CSharp.csproj", "{C0F7E373-D20F-FE4C-2B87-DFC8425ACFD7}"
EndProject
Project("{CE03A429-6E56-4386-D37E-B22A7DCE0623}") = "Test 5", "Assembly-CSharp-Editor.csproj", "{F49BFD21-45F1-11A6-AF33-BE555A09B9C2}"
EndProject
Project("{CE03A429-6E56-4386-D37E-B22A7DCE0623}") = "Test 5", "Assembly-Boo-Editor.booproj", "{6688F277-FE11-9CA3-7C96-61C23CDFB912}"
EndProject
Project("{CE03A429-6E56-4386-D37E-B22A7DCE0623}") = "Test 5", "Assembly-UnityScript-firstpass.unityproj", "{43454048-FE02-2FAB-837A-FAB7ACEE5041}"
EndProject
Project("{CE03A429-6E56-4386-D37E-B22A7DCE0623}") = "Test 5", "Assembly-UnityScript-Editor.unityproj", "{E7EAF6F3-DBFB-1F4E-7A57-335EF86082D6}"
EndProject
Global
	GlobalSection(SolutionConfigurationPlatforms) = preSolution
		Debug|Any CPU = Debug|Any CPU
		Release|Any CPU = Release|Any CPU
	EndGlobalSection
	GlobalSection(ProjectConfigurationPlatforms) = postSolution
		{6DDA105A-BDAA-232F-97AF-18824F5B139F}.Debug|Any CPU.ActiveCfg = Debug|Any CPU
		{6DDA105A-BDAA-232F-97AF-18824F5B139F}.Debug|Any CPU.Build.0 = Debug|Any CPU
		{6DDA105A-BDAA-232F-97AF-18824F5B139F}.Release|Any CPU.ActiveCfg = Release|Any CPU
		{6DDA105A-BDAA-232F-97AF-18824F5B139F}.Release|Any CPU.Build.0 = Release|Any CPU
		{C0F7E373-D20F-FE4C-2B87-DFC8425ACFD7}.Debug|Any CPU.ActiveCfg = Debug|Any CPU
		{C0F7E373-D20F-FE4C-2B87-DFC8425ACFD7}.Debug|Any CPU.Build.0 = Debug|Any CPU
		{C0F7E373-D20F-FE4C-2B87-DFC8425ACFD7}.Release|Any CPU.ActiveCfg = Release|Any CPU
		{C0F7E373-D20F-FE4C-2B87-DFC8425ACFD7}.Release|Any CPU.Build.0 = Release|Any CPU
		{F49BFD21-45F1-11A6-AF33-BE555A09B9C2}.Debug|Any CPU.ActiveCfg = Debug|Any CPU
		{F49BFD21-45F1-11A6-AF33-BE555A09B9C2}.Debug|Any CPU.Build.0 = Debug|Any CPU
		{F49BFD21-45F1-11A6-AF33-BE555A09B9C2}.Release|Any CPU.ActiveCfg = Release|Any CPU
		{F49BFD21-45F1-11A6-AF33-BE555A09B9C2}.Release|Any CPU.Build.0 = Release|Any CPU
		{6688F277-FE11-9CA3-7C96-61C23CDFB912}.Debug|Any CPU.ActiveCfg = Debug|Any CPU
		{6688F277-FE11-9CA3-7C96-61C23CDFB912}.Debug|Any CPU.Build.0 = Debug|Any CPU
		{6688F277-FE11-9CA3-7C96-61C23CDFB912}.Release|Any CPU.ActiveCfg = Release|Any CPU
		{6688F277-FE11-9CA3-7C96-61C23CDFB912}.Release|Any CPU.Build.0 = Release|Any CPU
		{43454048-FE02-2FAB-837A-FAB7ACEE5041}.Debug|Any CPU.ActiveCfg = Debug|Any CPU
		{43454048-FE02-2FAB-837A-FAB7ACEE5041}.Debug|Any CPU.Build.0 = Debug|Any CPU
		{43454048-FE02-2FAB-837A-FAB7ACEE5041}.Release|Any CPU.ActiveCfg = Release|Any CPU
		{43454048-FE02-2FAB-837A-FAB7ACEE5041}.Release|Any CPU.Build.0 = Release|Any CPU
		{E7EAF6F3-DBFB-1F4E-7A57-335EF86082D6}.Debug|Any CPU.ActiveCfg = Debug|Any CPU
		{E7EAF6F3-DBFB-1F4E-7A57-335EF86082D6}.Debug|Any CPU.Build.0 = Debug|Any CPU
		{E7EAF6F3-DBFB-1F4E-7A57-335EF86082D6}.Release|Any CPU.ActiveCfg = Release|Any CPU
		{E7EAF6F3-DBFB-1F4E-7A57-335EF86082D6}.Release|Any CPU.Build.0 = Release|Any CPU
	EndGlobalSection
	GlobalSection(SolutionProperties) = preSolution
		HideSolutionNode = FALSE
	EndGlobalSection
																	GlobalSection(MonoDevelopProperties) = preSolution
		StartupItem = Assembly-CSharp.csproj
		Policies = $0
		$0.TextStylePolicy = $1
		$1.inheritsSet = null
		$1.scope = text/x-csharp
		$0.CSharpFormattingPolicy = $2
		$2.inheritsSet = Mono
		$2.inheritsScope = text/x-csharp
		$2.scope = text/x-csharp
		$0.TextStylePolicy = $3
		$3.FileWidth = 120
		$3.TabWidth = 4
		$3.EolMarker = Unix
		$3.inheritsSet = Mono
		$3.inheritsScope = text/plain
		$3.scope = text/plain
	EndGlobalSection

EndGlobal
